
Microsoft Visual Studio Solution File, Format Version 12.00
# Visual Studio Version 17
VisualStudioVersion = 17.7.34024.191
MinimumVisualStudioVersion = 10.0.40219.1
Project("{FAE04EC0-301F-11D3-BF4B-00C04F79EFBC}") = "Milestone6", "Milestone6\Milestone6.csproj", "{74CDD5A4-3F2E-423B-9E83-1EDA1CA27677}"
EndProject
Global
	GlobalSection(SolutionConfigurationPlatforms) = preSolution
		Debug|Any CPU = Debug|Any CPU
		Release|Any CPU = Release|Any CPU
	EndGlobalSection
	GlobalSection(ProjectConfigurationPlatforms) = postSolution
		{74CDD5A4-3F2E-423B-9E83-1EDA1CA27677}.Debug|Any CPU.ActiveCfg = Debug|Any CPU
		{74CDD5A4-3F2E-423B-9E83-1EDA1CA27677}.Debug|Any CPU.Build.0 = Debug|Any CPU
		{74CDD5A4-3F2E-423B-9E83-1EDA1CA27677}.Release|Any CPU.ActiveCfg = Release|Any CPU
		{74CDD5A4-3F2E-423B-9E83-1EDA1CA27677}.Release|Any CPU.Build.0 = Release|Any CPU
	EndGlobalSection
	GlobalSection(SolutionProperties) = preSolution
		HideSolutionNode = FALSE
	EndGlobalSection
	GlobalSection(ExtensibilityGlobals) = postSolution
		SolutionGuid = {C24D1CE9-248E-4F1E-A158-81D43997134F}
	EndGlobalSection
EndGlobal
