
Microsoft Visual Studio Solution File, Format Version 12.00
# Visual Studio Version 17
VisualStudioVersion = 17.7.34024.191
MinimumVisualStudioVersion = 10.0.40219.1
Project("{FAE04EC0-301F-11D3-BF4B-00C04F79EFBC}") = "day11", "day11\day11.csproj", "{97181FF8-8528-4CD1-BA31-B5B4A62B6A2D}"
EndProject
Global
	GlobalSection(SolutionConfigurationPlatforms) = preSolution
		Debug|Any CPU = Debug|Any CPU
		Release|Any CPU = Release|Any CPU
	EndGlobalSection
	GlobalSection(ProjectConfigurationPlatforms) = postSolution
		{97181FF8-8528-4CD1-BA31-B5B4A62B6A2D}.Debug|Any CPU.ActiveCfg = Debug|Any CPU
		{97181FF8-8528-4CD1-BA31-B5B4A62B6A2D}.Debug|Any CPU.Build.0 = Debug|Any CPU
		{97181FF8-8528-4CD1-BA31-B5B4A62B6A2D}.Release|Any CPU.ActiveCfg = Release|Any CPU
		{97181FF8-8528-4CD1-BA31-B5B4A62B6A2D}.Release|Any CPU.Build.0 = Release|Any CPU
	EndGlobalSection
	GlobalSection(SolutionProperties) = preSolution
		HideSolutionNode = FALSE
	EndGlobalSection
	GlobalSection(ExtensibilityGlobals) = postSolution
		SolutionGuid = {A8A31A8F-B562-4EE5-8E63-ADD0156EF812}
	EndGlobalSection
EndGlobal
