
Microsoft Visual Studio Solution File, Format Version 12.00
# Visual Studio Version 17
VisualStudioVersion = 17.7.34024.191
MinimumVisualStudioVersion = 10.0.40219.1
Project("{FAE04EC0-301F-11D3-BF4B-00C04F79EFBC}") = "Assignments", "Assignments\Assignments.csproj", "{C3145738-AD9A-4C14-9AB7-9FB2F6AF229F}"
EndProject
Global
	GlobalSection(SolutionConfigurationPlatforms) = preSolution
		Debug|Any CPU = Debug|Any CPU
		Release|Any CPU = Release|Any CPU
	EndGlobalSection
	GlobalSection(ProjectConfigurationPlatforms) = postSolution
		{C3145738-AD9A-4C14-9AB7-9FB2F6AF229F}.Debug|Any CPU.ActiveCfg = Debug|Any CPU
		{C3145738-AD9A-4C14-9AB7-9FB2F6AF229F}.Debug|Any CPU.Build.0 = Debug|Any CPU
		{C3145738-AD9A-4C14-9AB7-9FB2F6AF229F}.Release|Any CPU.ActiveCfg = Release|Any CPU
		{C3145738-AD9A-4C14-9AB7-9FB2F6AF229F}.Release|Any CPU.Build.0 = Release|Any CPU
	EndGlobalSection
	GlobalSection(SolutionProperties) = preSolution
		HideSolutionNode = FALSE
	EndGlobalSection
	GlobalSection(ExtensibilityGlobals) = postSolution
		SolutionGuid = {DEE67827-6CD4-4E2D-9D93-AA60BE274B1E}
	EndGlobalSection
EndGlobal
