
Microsoft Visual Studio Solution File, Format Version 12.00
# Visual Studio Version 17
VisualStudioVersion = 17.7.34024.191
MinimumVisualStudioVersion = 10.0.40219.1
Project("{FAE04EC0-301F-11D3-BF4B-00C04F79EFBC}") = "Milestone2_ClassObject", "Milestone2\Milestone2_ClassObject.csproj", "{96589989-C442-4494-9A2F-69DBF4C1FF71}"
EndProject
Project("{FAE04EC0-301F-11D3-BF4B-00C04F79EFBC}") = "Milestone2_Inheritance", "Milestone2_Inheritance\Milestone2_Inheritance.csproj", "{C31D8298-271E-4395-B4A2-D8A343F053FD}"
EndProject
Project("{FAE04EC0-301F-11D3-BF4B-00C04F79EFBC}") = "Milestone2_Encapsulation", "Milestone2_Polymorphism\Milestone2_Encapsulation.csproj", "{9C23EAF0-B6C0-4951-ACE4-BB6C3D42FB19}"
EndProject
Project("{FAE04EC0-301F-11D3-BF4B-00C04F79EFBC}") = "Milestone2_Interface", "Milestone2_Interface\Milestone2_Interface.csproj", "{0292939F-A7B0-4A69-8CF3-C6122AE69036}"
EndProject
Project("{FAE04EC0-301F-11D3-BF4B-00C04F79EFBC}") = "Milestone2_Polymorphism", "Milestone2_Polymorphism\Milestone2_Polymorphism.csproj", "{971B8698-C268-453C-9797-E9769812B172}"
EndProject
Global
	GlobalSection(SolutionConfigurationPlatforms) = preSolution
		Debug|Any CPU = Debug|Any CPU
		Release|Any CPU = Release|Any CPU
	EndGlobalSection
	GlobalSection(ProjectConfigurationPlatforms) = postSolution
		{96589989-C442-4494-9A2F-69DBF4C1FF71}.Debug|Any CPU.ActiveCfg = Debug|Any CPU
		{96589989-C442-4494-9A2F-69DBF4C1FF71}.Debug|Any CPU.Build.0 = Debug|Any CPU
		{96589989-C442-4494-9A2F-69DBF4C1FF71}.Release|Any CPU.ActiveCfg = Release|Any CPU
		{96589989-C442-4494-9A2F-69DBF4C1FF71}.Release|Any CPU.Build.0 = Release|Any CPU
		{C31D8298-271E-4395-B4A2-D8A343F053FD}.Debug|Any CPU.ActiveCfg = Debug|Any CPU
		{C31D8298-271E-4395-B4A2-D8A343F053FD}.Debug|Any CPU.Build.0 = Debug|Any CPU
		{C31D8298-271E-4395-B4A2-D8A343F053FD}.Release|Any CPU.ActiveCfg = Release|Any CPU
		{C31D8298-271E-4395-B4A2-D8A343F053FD}.Release|Any CPU.Build.0 = Release|Any CPU
		{9C23EAF0-B6C0-4951-ACE4-BB6C3D42FB19}.Debug|Any CPU.ActiveCfg = Debug|Any CPU
		{9C23EAF0-B6C0-4951-ACE4-BB6C3D42FB19}.Debug|Any CPU.Build.0 = Debug|Any CPU
		{9C23EAF0-B6C0-4951-ACE4-BB6C3D42FB19}.Release|Any CPU.ActiveCfg = Release|Any CPU
		{9C23EAF0-B6C0-4951-ACE4-BB6C3D42FB19}.Release|Any CPU.Build.0 = Release|Any CPU
		{0292939F-A7B0-4A69-8CF3-C6122AE69036}.Debug|Any CPU.ActiveCfg = Debug|Any CPU
		{0292939F-A7B0-4A69-8CF3-C6122AE69036}.Debug|Any CPU.Build.0 = Debug|Any CPU
		{0292939F-A7B0-4A69-8CF3-C6122AE69036}.Release|Any CPU.ActiveCfg = Release|Any CPU
		{0292939F-A7B0-4A69-8CF3-C6122AE69036}.Release|Any CPU.Build.0 = Release|Any CPU
		{971B8698-C268-453C-9797-E9769812B172}.Debug|Any CPU.ActiveCfg = Debug|Any CPU
		{971B8698-C268-453C-9797-E9769812B172}.Debug|Any CPU.Build.0 = Debug|Any CPU
		{971B8698-C268-453C-9797-E9769812B172}.Release|Any CPU.ActiveCfg = Release|Any CPU
		{971B8698-C268-453C-9797-E9769812B172}.Release|Any CPU.Build.0 = Release|Any CPU
	EndGlobalSection
	GlobalSection(SolutionProperties) = preSolution
		HideSolutionNode = FALSE
	EndGlobalSection
	GlobalSection(ExtensibilityGlobals) = postSolution
		SolutionGuid = {45726104-D349-4F74-9630-FD9ACCE955B2}
	EndGlobalSection
EndGlobal
