
Microsoft Visual Studio Solution File, Format Version 12.00
# Visual Studio Version 17
VisualStudioVersion = 17.7.34024.191
MinimumVisualStudioVersion = 10.0.40219.1
Project("{FAE04EC0-301F-11D3-BF4B-00C04F79EFBC}") = "api1", "api1\api1.csproj", "{C37E420F-E800-46AA-BFFE-9889F70849C2}"
EndProject
Global
	GlobalSection(SolutionConfigurationPlatforms) = preSolution
		Debug|Any CPU = Debug|Any CPU
		Release|Any CPU = Release|Any CPU
	EndGlobalSection
	GlobalSection(ProjectConfigurationPlatforms) = postSolution
		{C37E420F-E800-46AA-BFFE-9889F70849C2}.Debug|Any CPU.ActiveCfg = Debug|Any CPU
		{C37E420F-E800-46AA-BFFE-9889F70849C2}.Debug|Any CPU.Build.0 = Debug|Any CPU
		{C37E420F-E800-46AA-BFFE-9889F70849C2}.Release|Any CPU.ActiveCfg = Release|Any CPU
		{C37E420F-E800-46AA-BFFE-9889F70849C2}.Release|Any CPU.Build.0 = Release|Any CPU
	EndGlobalSection
	GlobalSection(SolutionProperties) = preSolution
		HideSolutionNode = FALSE
	EndGlobalSection
	GlobalSection(ExtensibilityGlobals) = postSolution
		SolutionGuid = {87BA596B-7E53-4AFC-8931-C3B6B08EDD56}
	EndGlobalSection
EndGlobal
